// !$*UTF8*$!
{
	archiveVersion = 1;
	classes = {
	};
	objectVersion = 56;
	objects = {

/* Begin PBXBuildFile section */
		D705F59B2A3ABE95007E457F /* AppDelegate.swift in Sources */ = {isa = PBXBuildFile; fileRef = D705F59A2A3ABE95007E457F /* AppDelegate.swift */; };
		D705F59D2A3ABE95007E457F /* SceneDelegate.swift in Sources */ = {isa = PBXBuildFile; fileRef = D705F59C2A3ABE95007E457F /* SceneDelegate.swift */; };
		D705F5A22A3ABE95007E457F /* Main.storyboard in Resources */ = {isa = PBXBuildFile; fileRef = D705F5A02A3ABE95007E457F /* Main.storyboard */; };
		D705F5A42A3ABE99007E457F /* Assets.xcassets in Resources */ = {isa = PBXBuildFile; fileRef = D705F5A32A3ABE99007E457F /* Assets.xcassets */; };
		D705F5A72A3ABE99007E457F /* LaunchScreen.storyboard in Resources */ = {isa = PBXBuildFile; fileRef = D705F5A52A3ABE99007E457F /* LaunchScreen.storyboard */; };
		D705F5B02A3AC9A1007E457F /* LeftMenuViewController.swift in Sources */ = {isa = PBXBuildFile; fileRef = D705F5AE2A3AC9A1007E457F /* LeftMenuViewController.swift */; };
		D705F5B12A3AC9A1007E457F /* LeftMenuViewController.xib in Resources */ = {isa = PBXBuildFile; fileRef = D705F5AF2A3AC9A1007E457F /* LeftMenuViewController.xib */; };
		D705F5B42A3ACAB8007E457F /* DrawerTransition.swift in Sources */ = {isa = PBXBuildFile; fileRef = D705F5B32A3ACAB7007E457F /* DrawerTransition.swift */; };
		D705F5B82A3ACB15007E457F /* SideMenuDetailTableViewCell.swift in Sources */ = {isa = PBXBuildFile; fileRef = D705F5B62A3ACB15007E457F /* SideMenuDetailTableViewCell.swift */; };
		D705F5B92A3ACB15007E457F /* SideMenuDetailTableViewCell.xib in Resources */ = {isa = PBXBuildFile; fileRef = D705F5B72A3ACB15007E457F /* SideMenuDetailTableViewCell.xib */; };
		D705F5BC2A3AD714007E457F /* ViewController1.swift in Sources */ = {isa = PBXBuildFile; fileRef = D705F5BB2A3AD714007E457F /* ViewController1.swift */; };
		D705F5BE2A3AD721007E457F /* ViewController2.swift in Sources */ = {isa = PBXBuildFile; fileRef = D705F5BD2A3AD721007E457F /* ViewController2.swift */; };
		D705F5C02A3AD72C007E457F /* ViewController3.swift in Sources */ = {isa = PBXBuildFile; fileRef = D705F5BF2A3AD72C007E457F /* ViewController3.swift */; };
		D705F5C52A3AE1CD007E457F /* BaseViewController.swift in Sources */ = {isa = PBXBuildFile; fileRef = D705F5C42A3AE1CD007E457F /* BaseViewController.swift */; };
		D7B1247C2A3B1DCD00D7A23A /* SideController3.swift in Sources */ = {isa = PBXBuildFile; fileRef = D7B124792A3B1DCD00D7A23A /* SideController3.swift */; };
		D7B1247D2A3B1DCD00D7A23A /* SideController1.swift in Sources */ = {isa = PBXBuildFile; fileRef = D7B1247A2A3B1DCD00D7A23A /* SideController1.swift */; };
		D7B1247E2A3B1DCD00D7A23A /* SideController2.swift in Sources */ = {isa = PBXBuildFile; fileRef = D7B1247B2A3B1DCD00D7A23A /* SideController2.swift */; };
/* End PBXBuildFile section */

/* Begin PBXFileReference section */
		D705F5972A3ABE95007E457F /* SideMenuSwift_iOS.app */ = {isa = PBXFileReference; explicitFileType = wrapper.application; includeInIndex = 0; path = SideMenuSwift_iOS.app; sourceTree = BUILT_PRODUCTS_DIR; };
		D705F59A2A3ABE95007E457F /* AppDelegate.swift */ = {isa = PBXFileReference; lastKnownFileType = sourcecode.swift; path = AppDelegate.swift; sourceTree = "<group>"; };
		D705F59C2A3ABE95007E457F /* SceneDelegate.swift */ = {isa = PBXFileReference; lastKnownFileType = sourcecode.swift; path = SceneDelegate.swift; sourceTree = "<group>"; };
		D705F5A12A3ABE95007E457F /* Base */ = {isa = PBXFileReference; lastKnownFileType = file.storyboard; name = Base; path = Base.lproj/Main.storyboard; sourceTree = "<group>"; };
		D705F5A32A3ABE99007E457F /* Assets.xcassets */ = {isa = PBXFileReference; lastKnownFileType = folder.assetcatalog; path = Assets.xcassets; sourceTree = "<group>"; };
		D705F5A62A3ABE99007E457F /* Base */ = {isa = PBXFileReference; lastKnownFileType = file.storyboard; name = Base; path = Base.lproj/LaunchScreen.storyboard; sourceTree = "<group>"; };
		D705F5A82A3ABE99007E457F /* Info.plist */ = {isa = PBXFileReference; lastKnownFileType = text.plist.xml; path = Info.plist; sourceTree = "<group>"; };
		D705F5AE2A3AC9A1007E457F /* LeftMenuViewController.swift */ = {isa = PBXFileReference; fileEncoding = 4; lastKnownFileType = sourcecode.swift; path = LeftMenuViewController.swift; sourceTree = "<group>"; };
		D705F5AF2A3AC9A1007E457F /* LeftMenuViewController.xib */ = {isa = PBXFileReference; fileEncoding = 4; lastKnownFileType = file.xib; path = LeftMenuViewController.xib; sourceTree = "<group>"; };
		D705F5B32A3ACAB7007E457F /* DrawerTransition.swift */ = {isa = PBXFileReference; fileEncoding = 4; lastKnownFileType = sourcecode.swift; path = DrawerTransition.swift; sourceTree = "<group>"; };
		D705F5B62A3ACB15007E457F /* SideMenuDetailTableViewCell.swift */ = {isa = PBXFileReference; fileEncoding = 4; lastKnownFileType = sourcecode.swift; path = SideMenuDetailTableViewCell.swift; sourceTree = "<group>"; };
		D705F5B72A3ACB15007E457F /* SideMenuDetailTableViewCell.xib */ = {isa = PBXFileReference; fileEncoding = 4; lastKnownFileType = file.xib; path = SideMenuDetailTableViewCell.xib; sourceTree = "<group>"; };
		D705F5BB2A3AD714007E457F /* ViewController1.swift */ = {isa = PBXFileReference; lastKnownFileType = sourcecode.swift; path = ViewController1.swift; sourceTree = "<group>"; };
		D705F5BD2A3AD721007E457F /* ViewController2.swift */ = {isa = PBXFileReference; lastKnownFileType = sourcecode.swift; path = ViewController2.swift; sourceTree = "<group>"; };
		D705F5BF2A3AD72C007E457F /* ViewController3.swift */ = {isa = PBXFileReference; lastKnownFileType = sourcecode.swift; path = ViewController3.swift; sourceTree = "<group>"; };
		D705F5C42A3AE1CD007E457F /* BaseViewController.swift */ = {isa = PBXFileReference; lastKnownFileType = sourcecode.swift; path = BaseViewController.swift; sourceTree = "<group>"; };
		D7B124792A3B1DCD00D7A23A /* SideController3.swift */ = {isa = PBXFileReference; fileEncoding = 4; lastKnownFileType = sourcecode.swift; path = SideController3.swift; sourceTree = "<group>"; };
		D7B1247A2A3B1DCD00D7A23A /* SideController1.swift */ = {isa = PBXFileReference; fileEncoding = 4; lastKnownFileType = sourcecode.swift; path = SideController1.swift; sourceTree = "<group>"; };
		D7B1247B2A3B1DCD00D7A23A /* SideController2.swift */ = {isa = PBXFileReference; fileEncoding = 4; lastKnownFileType = sourcecode.swift; path = SideController2.swift; sourceTree = "<group>"; };
/* End PBXFileReference section */

/* Begin PBXFrameworksBuildPhase section */
		D705F5942A3ABE95007E457F /* Frameworks */ = {
			isa = PBXFrameworksBuildPhase;
			buildActionMask = 2147483647;
			files = (
			);
			runOnlyForDeploymentPostprocessing = 0;
		};
/* End PBXFrameworksBuildPhase section */

/* Begin PBXGroup section */
		D705F58E2A3ABE95007E457F = {
			isa = PBXGroup;
			children = (
				D705F5992A3ABE95007E457F /* SideMenuSwift_iOS */,
				D705F5982A3ABE95007E457F /* Products */,
			);
			sourceTree = "<group>";
		};
		D705F5982A3ABE95007E457F /* Products */ = {
			isa = PBXGroup;
			children = (
				D705F5972A3ABE95007E457F /* SideMenuSwift_iOS.app */,
			);
			name = Products;
			sourceTree = "<group>";
		};
		D705F5992A3ABE95007E457F /* SideMenuSwift_iOS */ = {
			isa = PBXGroup;
			children = (
				D705F59A2A3ABE95007E457F /* AppDelegate.swift */,
				D705F59C2A3ABE95007E457F /* SceneDelegate.swift */,
				D705F5B22A3ACA7B007E457F /* sideMenu */,
				D705F5BA2A3AD582007E457F /* Controllers */,
				D705F5A02A3ABE95007E457F /* Main.storyboard */,
				D705F5A32A3ABE99007E457F /* Assets.xcassets */,
				D705F5A52A3ABE99007E457F /* LaunchScreen.storyboard */,
				D705F5A82A3ABE99007E457F /* Info.plist */,
			);
			path = SideMenuSwift_iOS;
			sourceTree = "<group>";
		};
		D705F5B22A3ACA7B007E457F /* sideMenu */ = {
			isa = PBXGroup;
			children = (
				D705F5B52A3ACB15007E457F /* Cells */,
				D705F5B32A3ACAB7007E457F /* DrawerTransition.swift */,
				D705F5AE2A3AC9A1007E457F /* LeftMenuViewController.swift */,
				D705F5AF2A3AC9A1007E457F /* LeftMenuViewController.xib */,
			);
			path = sideMenu;
			sourceTree = "<group>";
		};
		D705F5B52A3ACB15007E457F /* Cells */ = {
			isa = PBXGroup;
			children = (
				D705F5B62A3ACB15007E457F /* SideMenuDetailTableViewCell.swift */,
				D705F5B72A3ACB15007E457F /* SideMenuDetailTableViewCell.xib */,
			);
			path = Cells;
			sourceTree = "<group>";
		};
		D705F5BA2A3AD582007E457F /* Controllers */ = {
			isa = PBXGroup;
			children = (
				D7B124712A3B1ABB00D7A23A /* TabBarController */,
				D7B124722A3B1AE200D7A23A /* MainViewControllers */,
				D705F5C12A3ADBAD007E457F /* SideMenuControllers */,
				D705F5C42A3AE1CD007E457F /* BaseViewController.swift */,
			);
			path = Controllers;
			sourceTree = "<group>";
		};
		D705F5C12A3ADBAD007E457F /* SideMenuControllers */ = {
			isa = PBXGroup;
			children = (
				D7B1247A2A3B1DCD00D7A23A /* SideController1.swift */,
				D7B1247B2A3B1DCD00D7A23A /* SideController2.swift */,
				D7B124792A3B1DCD00D7A23A /* SideController3.swift */,
			);
			path = SideMenuControllers;
			sourceTree = "<group>";
		};
		D7B124712A3B1ABB00D7A23A /* TabBarController */ = {
			isa = PBXGroup;
			children = (
			);
			path = TabBarController;
			sourceTree = "<group>";
		};
		D7B124722A3B1AE200D7A23A /* MainViewControllers */ = {
			isa = PBXGroup;
			children = (
				D705F5BB2A3AD714007E457F /* ViewController1.swift */,
				D705F5BD2A3AD721007E457F /* ViewController2.swift */,
				D705F5BF2A3AD72C007E457F /* ViewController3.swift */,
			);
			path = MainViewControllers;
			sourceTree = "<group>";
		};
/* End PBXGroup section */

/* Begin PBXNativeTarget section */
		D705F5962A3ABE95007E457F /* SideMenuSwift_iOS */ = {
			isa = PBXNativeTarget;
			buildConfigurationList = D705F5AB2A3ABE99007E457F /* Build configuration list for PBXNativeTarget "SideMenuSwift_iOS" */;
			buildPhases = (
				D705F5932A3ABE95007E457F /* Sources */,
				D705F5942A3ABE95007E457F /* Frameworks */,
				D705F5952A3ABE95007E457F /* Resources */,
			);
			buildRules = (
			);
			dependencies = (
			);
			name = SideMenuSwift_iOS;
			productName = SideMenuSwift_iOS;
			productReference = D705F5972A3ABE95007E457F /* SideMenuSwift_iOS.app */;
			productType = "com.apple.product-type.application";
		};
/* End PBXNativeTarget section */

/* Begin PBXProject section */
		D705F58F2A3ABE95007E457F /* Project object */ = {
			isa = PBXProject;
			attributes = {
				BuildIndependentTargetsInParallel = 1;
				LastSwiftUpdateCheck = 1420;
				LastUpgradeCheck = 1420;
				TargetAttributes = {
					D705F5962A3ABE95007E457F = {
						CreatedOnToolsVersion = 14.2;
					};
				};
			};
			buildConfigurationList = D705F5922A3ABE95007E457F /* Build configuration list for PBXProject "SideMenuSwift_iOS" */;
			compatibilityVersion = "Xcode 14.0";
			developmentRegion = en;
			hasScannedForEncodings = 0;
			knownRegions = (
				en,
				Base,
			);
			mainGroup = D705F58E2A3ABE95007E457F;
			productRefGroup = D705F5982A3ABE95007E457F /* Products */;
			projectDirPath = "";
			projectRoot = "";
			targets = (
				D705F5962A3ABE95007E457F /* SideMenuSwift_iOS */,
			);
		};
/* End PBXProject section */

/* Begin PBXResourcesBuildPhase section */
		D705F5952A3ABE95007E457F /* Resources */ = {
			isa = PBXResourcesBuildPhase;
			buildActionMask = 2147483647;
			files = (
				D705F5A72A3ABE99007E457F /* LaunchScreen.storyboard in Resources */,
				D705F5B92A3ACB15007E457F /* SideMenuDetailTableViewCell.xib in Resources */,
				D705F5A42A3ABE99007E457F /* Assets.xcassets in Resources */,
				D705F5B12A3AC9A1007E457F /* LeftMenuViewController.xib in Resources */,
				D705F5A22A3ABE95007E457F /* Main.storyboard in Resources */,
			);
			runOnlyForDeploymentPostprocessing = 0;
		};
/* End PBXResourcesBuildPhase section */

/* Begin PBXSourcesBuildPhase section */
		D705F5932A3ABE95007E457F /* Sources */ = {
			isa = PBXSourcesBuildPhase;
			buildActionMask = 2147483647;
			files = (
				D705F5BE2A3AD721007E457F /* ViewController2.swift in Sources */,
				D7B1247D2A3B1DCD00D7A23A /* SideController1.swift in Sources */,
				D705F5BC2A3AD714007E457F /* ViewController1.swift in Sources */,
				D705F5C02A3AD72C007E457F /* ViewController3.swift in Sources */,
				D705F5B42A3ACAB8007E457F /* DrawerTransition.swift in Sources */,
				D705F5C52A3AE1CD007E457F /* BaseViewController.swift in Sources */,
				D705F5B82A3ACB15007E457F /* SideMenuDetailTableViewCell.swift in Sources */,
				D7B1247E2A3B1DCD00D7A23A /* SideController2.swift in Sources */,
				D7B1247C2A3B1DCD00D7A23A /* SideController3.swift in Sources */,
				D705F59B2A3ABE95007E457F /* AppDelegate.swift in Sources */,
				D705F5B02A3AC9A1007E457F /* LeftMenuViewController.swift in Sources */,
				D705F59D2A3ABE95007E457F /* SceneDelegate.swift in Sources */,
			);
			runOnlyForDeploymentPostprocessing = 0;
		};
/* End PBXSourcesBuildPhase section */

/* Begin PBXVariantGroup section */
		D705F5A02A3ABE95007E457F /* Main.storyboard */ = {
			isa = PBXVariantGroup;
			children = (
				D705F5A12A3ABE95007E457F /* Base */,
			);
			name = Main.storyboard;
			sourceTree = "<group>";
		};
		D705F5A52A3ABE99007E457F /* LaunchScreen.storyboard */ = {
			isa = PBXVariantGroup;
			children = (
				D705F5A62A3ABE99007E457F /* Base */,
			);
			name = LaunchScreen.storyboard;
			sourceTree = "<group>";
		};
/* End PBXVariantGroup section */

/* Begin XCBuildConfiguration section */
		D705F5A92A3ABE99007E457F /* Debug */ = {
			isa = XCBuildConfiguration;
			buildSettings = {
				ALWAYS_SEARCH_USER_PATHS = NO;
				CLANG_ANALYZER_NONNULL = YES;
				CLANG_ANALYZER_NUMBER_OBJECT_CONVERSION = YES_AGGRESSIVE;
				CLANG_CXX_LANGUAGE_STANDARD = "gnu++20";
				CLANG_ENABLE_MODULES = YES;
				CLANG_ENABLE_OBJC_ARC = YES;
				CLANG_ENABLE_OBJC_WEAK = YES;
				CLANG_WARN_BLOCK_CAPTURE_AUTORELEASING = YES;
				CLANG_WARN_BOOL_CONVERSION = YES;
				CLANG_WARN_COMMA = YES;
				CLANG_WARN_CONSTANT_CONVERSION = YES;
				CLANG_WARN_DEPRECATED_OBJC_IMPLEMENTATIONS = YES;
				CLANG_WARN_DIRECT_OBJC_ISA_USAGE = YES_ERROR;
				CLANG_WARN_DOCUMENTATION_COMMENTS = YES;
				CLANG_WARN_EMPTY_BODY = YES;
				CLANG_WARN_ENUM_CONVERSION = YES;
				CLANG_WARN_INFINITE_RECURSION = YES;
				CLANG_WARN_INT_CONVERSION = YES;
				CLANG_WARN_NON_LITERAL_NULL_CONVERSION = YES;
				CLANG_WARN_OBJC_IMPLICIT_RETAIN_SELF = YES;
				CLANG_WARN_OBJC_LITERAL_CONVERSION = YES;
				CLANG_WARN_OBJC_ROOT_CLASS = YES_ERROR;
				CLANG_WARN_QUOTED_INCLUDE_IN_FRAMEWORK_HEADER = YES;
				CLANG_WARN_RANGE_LOOP_ANALYSIS = YES;
				CLANG_WARN_STRICT_PROTOTYPES = YES;
				CLANG_WARN_SUSPICIOUS_MOVE = YES;
				CLANG_WARN_UNGUARDED_AVAILABILITY = YES_AGGRESSIVE;
				CLANG_WARN_UNREACHABLE_CODE = YES;
				CLANG_WARN__DUPLICATE_METHOD_MATCH = YES;
				COPY_PHASE_STRIP = NO;
				DEBUG_INFORMATION_FORMAT = dwarf;
				ENABLE_STRICT_OBJC_MSGSEND = YES;
				ENABLE_TESTABILITY = YES;
				GCC_C_LANGUAGE_STANDARD = gnu11;
				GCC_DYNAMIC_NO_PIC = NO;
				GCC_NO_COMMON_BLOCKS = YES;
				GCC_OPTIMIZATION_LEVEL = 0;
				GCC_PREPROCESSOR_DEFINITIONS = (
					"DEBUG=1",
					"$(inherited)",
				);
				GCC_WARN_64_TO_32_BIT_CONVERSION = YES;
				GCC_WARN_ABOUT_RETURN_TYPE = YES_ERROR;
				GCC_WARN_UNDECLARED_SELECTOR = YES;
				GCC_WARN_UNINITIALIZED_AUTOS = YES_AGGRESSIVE;
				GCC_WARN_UNUSED_FUNCTION = YES;
				GCC_WARN_UNUSED_VARIABLE = YES;
				IPHONEOS_DEPLOYMENT_TARGET = 16.2;
				MTL_ENABLE_DEBUG_INFO = INCLUDE_SOURCE;
				MTL_FAST_MATH = YES;
				ONLY_ACTIVE_ARCH = YES;
				SDKROOT = iphoneos;
				SWIFT_ACTIVE_COMPILATION_CONDITIONS = DEBUG;
				SWIFT_OPTIMIZATION_LEVEL = "-Onone";
			};
			name = Debug;
		};
		D705F5AA2A3ABE99007E457F /* Release */ = {
			isa = XCBuildConfiguration;
			buildSettings = {
				ALWAYS_SEARCH_USER_PATHS = NO;
				CLANG_ANALYZER_NONNULL = YES;
				CLANG_ANALYZER_NUMBER_OBJECT_CONVERSION = YES_AGGRESSIVE;
				CLANG_CXX_LANGUAGE_STANDARD = "gnu++20";
				CLANG_ENABLE_MODULES = YES;
				CLANG_ENABLE_OBJC_ARC = YES;
				CLANG_ENABLE_OBJC_WEAK = YES;
				CLANG_WARN_BLOCK_CAPTURE_AUTORELEASING = YES;
				CLANG_WARN_BOOL_CONVERSION = YES;
				CLANG_WARN_COMMA = YES;
				CLANG_WARN_CONSTANT_CONVERSION = YES;
				CLANG_WARN_DEPRECATED_OBJC_IMPLEMENTATIONS = YES;
				CLANG_WARN_DIRECT_OBJC_ISA_USAGE = YES_ERROR;
				CLANG_WARN_DOCUMENTATION_COMMENTS = YES;
				CLANG_WARN_EMPTY_BODY = YES;
				CLANG_WARN_ENUM_CONVERSION = YES;
				CLANG_WARN_INFINITE_RECURSION = YES;
				CLANG_WARN_INT_CONVERSION = YES;
				CLANG_WARN_NON_LITERAL_NULL_CONVERSION = YES;
				CLANG_WARN_OBJC_IMPLICIT_RETAIN_SELF = YES;
				CLANG_WARN_OBJC_LITERAL_CONVERSION = YES;
				CLANG_WARN_OBJC_ROOT_CLASS = YES_ERROR;
				CLANG_WARN_QUOTED_INCLUDE_IN_FRAMEWORK_HEADER = YES;
				CLANG_WARN_RANGE_LOOP_ANALYSIS = YES;
				CLANG_WARN_STRICT_PROTOTYPES = YES;
				CLANG_WARN_SUSPICIOUS_MOVE = YES;
				CLANG_WARN_UNGUARDED_AVAILABILITY = YES_AGGRESSIVE;
				CLANG_WARN_UNREACHABLE_CODE = YES;
				CLANG_WARN__DUPLICATE_METHOD_MATCH = YES;
				COPY_PHASE_STRIP = NO;
				DEBUG_INFORMATION_FORMAT = "dwarf-with-dsym";
				ENABLE_NS_ASSERTIONS = NO;
				ENABLE_STRICT_OBJC_MSGSEND = YES;
				GCC_C_LANGUAGE_STANDARD = gnu11;
				GCC_NO_COMMON_BLOCKS = YES;
				GCC_WARN_64_TO_32_BIT_CONVERSION = YES;
				GCC_WARN_ABOUT_RETURN_TYPE = YES_ERROR;
				GCC_WARN_UNDECLARED_SELECTOR = YES;
				GCC_WARN_UNINITIALIZED_AUTOS = YES_AGGRESSIVE;
				GCC_WARN_UNUSED_FUNCTION = YES;
				GCC_WARN_UNUSED_VARIABLE = YES;
				IPHONEOS_DEPLOYMENT_TARGET = 16.2;
				MTL_ENABLE_DEBUG_INFO = NO;
				MTL_FAST_MATH = YES;
				SDKROOT = iphoneos;
				SWIFT_COMPILATION_MODE = wholemodule;
				SWIFT_OPTIMIZATION_LEVEL = "-O";
				VALIDATE_PRODUCT = YES;
			};
			name = Release;
		};
		D705F5AC2A3ABE99007E457F /* Debug */ = {
			isa = XCBuildConfiguration;
			buildSettings = {
				ASSETCATALOG_COMPILER_APPICON_NAME = AppIcon;
				ASSETCATALOG_COMPILER_GLOBAL_ACCENT_COLOR_NAME = AccentColor;
				CODE_SIGN_STYLE = Automatic;
				CURRENT_PROJECT_VERSION = 1;
				GENERATE_INFOPLIST_FILE = YES;
				INFOPLIST_FILE = SideMenuSwift_iOS/Info.plist;
				INFOPLIST_KEY_UIApplicationSupportsIndirectInputEvents = YES;
				INFOPLIST_KEY_UILaunchStoryboardName = LaunchScreen;
				INFOPLIST_KEY_UIMainStoryboardFile = Main;
				INFOPLIST_KEY_UISupportedInterfaceOrientations_iPad = "UIInterfaceOrientationPortrait UIInterfaceOrientationPortraitUpsideDown UIInterfaceOrientationLandscapeLeft UIInterfaceOrientationLandscapeRight";
				INFOPLIST_KEY_UISupportedInterfaceOrientations_iPhone = "UIInterfaceOrientationPortrait UIInterfaceOrientationLandscapeLeft UIInterfaceOrientationLandscapeRight";
				IPHONEOS_DEPLOYMENT_TARGET = 15.5;
				LD_RUNPATH_SEARCH_PATHS = (
					"$(inherited)",
					"@executable_path/Frameworks",
				);
				MARKETING_VERSION = 1.0;
				PRODUCT_BUNDLE_IDENTIFIER = "Dhrumit.SideMenuSwift-iOS";
				PRODUCT_NAME = "$(TARGET_NAME)";
				SWIFT_EMIT_LOC_STRINGS = YES;
				SWIFT_VERSION = 5.0;
				TARGETED_DEVICE_FAMILY = "1,2";
			};
			name = Debug;
		};
		D705F5AD2A3ABE99007E457F /* Release */ = {
			isa = XCBuildConfiguration;
			buildSettings = {
				ASSETCATALOG_COMPILER_APPICON_NAME = AppIcon;
				ASSETCATALOG_COMPILER_GLOBAL_ACCENT_COLOR_NAME = AccentColor;
				CODE_SIGN_STYLE = Automatic;
				CURRENT_PROJECT_VERSION = 1;
				GENERATE_INFOPLIST_FILE = YES;
				INFOPLIST_FILE = SideMenuSwift_iOS/Info.plist;
				INFOPLIST_KEY_UIApplicationSupportsIndirectInputEvents = YES;
				INFOPLIST_KEY_UILaunchStoryboardName = LaunchScreen;
				INFOPLIST_KEY_UIMainStoryboardFile = Main;
				INFOPLIST_KEY_UISupportedInterfaceOrientations_iPad = "UIInterfaceOrientationPortrait UIInterfaceOrientationPortraitUpsideDown UIInterfaceOrientationLandscapeLeft UIInterfaceOrientationLandscapeRight";
				INFOPLIST_KEY_UISupportedInterfaceOrientations_iPhone = "UIInterfaceOrientationPortrait UIInterfaceOrientationLandscapeLeft UIInterfaceOrientationLandscapeRight";
				IPHONEOS_DEPLOYMENT_TARGET = 15.5;
				LD_RUNPATH_SEARCH_PATHS = (
					"$(inherited)",
					"@executable_path/Frameworks",
				);
				MARKETING_VERSION = 1.0;
				PRODUCT_BUNDLE_IDENTIFIER = "Dhrumit.SideMenuSwift-iOS";
				PRODUCT_NAME = "$(TARGET_NAME)";
				SWIFT_EMIT_LOC_STRINGS = YES;
				SWIFT_VERSION = 5.0;
				TARGETED_DEVICE_FAMILY = "1,2";
			};
			name = Release;
		};
/* End XCBuildConfiguration section */

/* Begin XCConfigurationList section */
		D705F5922A3ABE95007E457F /* Build configuration list for PBXProject "SideMenuSwift_iOS" */ = {
			isa = XCConfigurationList;
			buildConfigurations = (
				D705F5A92A3ABE99007E457F /* Debug */,
				D705F5AA2A3ABE99007E457F /* Release */,
			);
			defaultConfigurationIsVisible = 0;
			defaultConfigurationName = Release;
		};
		D705F5AB2A3ABE99007E457F /* Build configuration list for PBXNativeTarget "SideMenuSwift_iOS" */ = {
			isa = XCConfigurationList;
			buildConfigurations = (
				D705F5AC2A3ABE99007E457F /* Debug */,
				D705F5AD2A3ABE99007E457F /* Release */,
			);
			defaultConfigurationIsVisible = 0;
			defaultConfigurationName = Release;
		};
/* End XCConfigurationList section */
	};
	rootObject = D705F58F2A3ABE95007E457F /* Project object */;
}
